PODS:
  - SwiftMonkey (1.0.0)
  - SwiftMonkeyPaws (1.0.0)

DEPENDENCIES:
  - SwiftMonkey (~> 1.0.0)
  - SwiftMonkeyPaws (~> 1.0.0)

SPEC CHECKSUMS:
  SwiftMonkey: dc5681bf881dd84efcc7ff684a31582d5ac67232
  SwiftMonkeyPaws: 172a5affbc3916a5be7d4462f7a943ea4fb0dffd

PODFILE CHECKSUM: 7530e1d83df3bbcf6ba42f4c302df622ad84fb5d

COCOAPODS: 1.2.0
