<?xml version="1.0" encoding="UTF-8"?>
<Scheme
   LastUpgradeVersion = "0810"
   version = "1.3">
   <BuildAction
      parallelizeBuildables = "YES"
      buildImplicitDependencies = "YES">
      <BuildActionEntries>
         <BuildActionEntry
            buildForTesting = "YES"
            buildForRunning = "YES"
            buildForProfiling = "YES"
            buildForArchiving = "YES"
            buildForAnalyzing = "YES">
            <BuildableReference
               BuildableIdentifier = "primary"
               BlueprintIdentifier = "A7085C3C1ED7F4F100F1A9EE"
               BuildableName = "SwiftMonkeyDemo.app"
               BlueprintName = "SwiftMonkeyDemo"
               ReferencedContainer = "container:SwiftMonkeyDemo.xcodeproj">
            </BuildableReference>
         </BuildActionEntry>
      </BuildActionEntries>
   </BuildAction>
   <TestAction
      buildConfiguration = "Debug"
      selectedDebuggerIdentifier = "Xcode.DebuggerFoundation.Debugger.LLDB"
      selectedLauncherIdentifier = "Xcode.DebuggerFoundation.Launcher.LLDB"
      shouldUseLaunchSchemeArgsEnv = "YES"
      codeCoverageEnabled = "YES">
      <Testables>
         <TestableReference
            skipped = "NO">
            <BuildableReference
               BuildableIdentifier = "primary"
               BlueprintIdentifier = "A7085C531ED7F4F100F1A9EE"
               BuildableName = "SwiftMonkeyDemoTests.xctest"
               BlueprintName = "SwiftMonkeyDemoTests"
               ReferencedContainer = "container:SwiftMonkeyDemo.xcodeproj">
            </BuildableReference>
         </TestableReference>
         <TestableReference
            skipped = "NO">
            <BuildableReference
               BuildableIdentifier = "primary"
               BlueprintIdentifier = "A7085C5E1ED7F4F100F1A9EE"
               BuildableName = "SwiftMonkeyDemoUITests.xctest"
               BlueprintName = "SwiftMonkeyDemoUITests"
               ReferencedContainer = "container:SwiftMonkeyDemo.xcodeproj">
            </BuildableReference>
         </TestableReference>
         <TestableReference
            skipped = "NO">
            <BuildableReference
               BuildableIdentifier = "primary"
               BlueprintIdentifier = "A7999F8E1ED925DE003FBEE0"
               BuildableName = "SwiftMonkeyTest.xctest"
               BlueprintName = "SwiftMonkeyTest"
               ReferencedContainer = "container:SwiftMonkeyDemo.xcodeproj">
            </BuildableReference>
         </TestableReference>
      </Testables>
      <MacroExpansion>
         <BuildableReference
            BuildableIdentifier = "primary"
            BlueprintIdentifier = "A7085C3C1ED7F4F100F1A9EE"
            BuildableName = "SwiftMonkeyDemo.app"
            BlueprintName = "SwiftMonkeyDemo"
            ReferencedContainer = "container:SwiftMonkeyDemo.xcodeproj">
         </BuildableReference>
      </MacroExpansion>
      <AdditionalOptions>
      </AdditionalOptions>
   </TestAction>
   <LaunchAction
      buildConfiguration = "Debug"
      selectedDebuggerIdentifier = "Xcode.DebuggerFoundation.Debugger.LLDB"
      selectedLauncherIdentifier = "Xcode.DebuggerFoundation.Launcher.LLDB"
      launchStyle = "0"
      useCustomWorkingDirectory = "NO"
      ignoresPersistentStateOnLaunch = "NO"
      debugDocumentVersioning = "YES"
      debugServiceExtension = "internal"
      allowLocationSimulation = "YES">
      <BuildableProductRunnable
         runnableDebuggingMode = "0">
         <BuildableReference
            BuildableIdentifier = "primary"
            BlueprintIdentifier = "A7085C3C1ED7F4F100F1A9EE"
            BuildableName = "SwiftMonkeyDemo.app"
            BlueprintName = "SwiftMonkeyDemo"
            ReferencedContainer = "container:SwiftMonkeyDemo.xcodeproj">
         </BuildableReference>
      </BuildableProductRunnable>
      <AdditionalOptions>
      </AdditionalOptions>
   </LaunchAction>
   <ProfileAction
      buildConfiguration = "Release"
      shouldUseLaunchSchemeArgsEnv = "YES"
      savedToolIdentifier = ""
      useCustomWorkingDirectory = "NO"
      debugDocumentVersioning = "YES">
      <BuildableProductRunnable
         runnableDebuggingMode = "0">
         <BuildableReference
            BuildableIdentifier = "primary"
            BlueprintIdentifier = "A7085C3C1ED7F4F100F1A9EE"
            BuildableName = "SwiftMonkeyDemo.app"
            BlueprintName = "SwiftMonkeyDemo"
            ReferencedContainer = "container:SwiftMonkeyDemo.xcodeproj">
         </BuildableReference>
      </BuildableProductRunnable>
   </ProfileAction>
   <AnalyzeAction
      buildConfiguration = "Debug">
   </AnalyzeAction>
   <ArchiveAction
      buildConfiguration = "Release"
      revealArchiveInOrganizer = "YES">
   </ArchiveAction>
</Scheme>
